
Microsoft Visual Studio Solution File, Format Version 12.00
# Visual Studio Version 17
VisualStudioVersion = 17.0.32126.317
MinimumVisualStudioVersion = 10.0.40219.1
Project("{FAE04EC0-301F-11D3-BF4B-00C04F79EFBC}") = "JsonWork", "JsonWork.csproj", "{2D0806FC-425A-461D-A37C-7FAF70EF8AA2}"
EndProject
Global
	GlobalSection(SolutionConfigurationPlatforms) = preSolution
		Debug|Any CPU = Debug|Any CPU
		Release|Any CPU = Release|Any CPU
	EndGlobalSection
	GlobalSection(ProjectConfigurationPlatforms) = postSolution
		{2D0806FC-425A-461D-A37C-7FAF70EF8AA2}.Debug|Any CPU.ActiveCfg = Debug|Any CPU
		{2D0806FC-425A-461D-A37C-7FAF70EF8AA2}.Debug|Any CPU.Build.0 = Debug|Any CPU
		{2D0806FC-425A-461D-A37C-7FAF70EF8AA2}.Release|Any CPU.ActiveCfg = Release|Any CPU
		{2D0806FC-425A-461D-A37C-7FAF70EF8AA2}.Release|Any CPU.Build.0 = Release|Any CPU
	EndGlobalSection
	GlobalSection(SolutionProperties) = preSolution
		HideSolutionNode = FALSE
	EndGlobalSection
	GlobalSection(ExtensibilityGlobals) = postSolution
		SolutionGuid = {63576576-B0B3-43D0-80EA-8923B76105D9}
	EndGlobalSection
EndGlobal
